
Microsoft Visual Studio Solution File, Format Version 12.00
Project("{FAE04EC0-301F-11D3-BF4B-00C04F79EFBC}") = "Voxel.Katas.Store.API", "Voxel.Katas.Store.API\Voxel.Katas.Store.API.csproj", "{383CB177-719F-4786-8B2E-8CE94375A76E}"
EndProject
Global
	GlobalSection(SolutionConfigurationPlatforms) = preSolution
		Debug|Any CPU = Debug|Any CPU
		Release|Any CPU = Release|Any CPU
	EndGlobalSection
	GlobalSection(ProjectConfigurationPlatforms) = postSolution
		{383CB177-719F-4786-8B2E-8CE94375A76E}.Debug|Any CPU.ActiveCfg = Debug|Any CPU
		{383CB177-719F-4786-8B2E-8CE94375A76E}.Debug|Any CPU.Build.0 = Debug|Any CPU
		{383CB177-719F-4786-8B2E-8CE94375A76E}.Release|Any CPU.ActiveCfg = Release|Any CPU
		{383CB177-719F-4786-8B2E-8CE94375A76E}.Release|Any CPU.Build.0 = Release|Any CPU
	EndGlobalSection
EndGlobal
